<?xml version="1.0" encoding="utf-8"?><WorkWithObjectsConfig xmlns:xsi="http://www.w3.org/2001/XMLSchema-instance" xmlns:xsd="http://www.w3.org/2001/XMLSchema"><Pattern /><Type>Transaction</Type><ShowAll>false</ShowAll><WSObjectsNames /><WSObjectsTypes /><ShowMore>false</ShowMore><Category>*All</Category><Parent /><ModifiedBy>false</ModifiedBy><Search /><UserName /><DateTypeFilter /><DateFilter>0001-01-01T00:00:00</DateFilter><ColumnNameSize>124</ColumnNameSize><ColumnTypeSize>128</ColumnTypeSize><ColumnModuleSize>87</ColumnModuleSize><ColumnDescriptionSize>118</ColumnDescriptionSize><ColumnDateSize>131</ColumnDateSize><ColumnUserSize>94</ColumnUserSize><ColumnImportDateSize>115</ColumnImportDateSize><ColumnSpecifiedDateSize>94</ColumnSpecifiedDateSize><ColumnNamePosition>1</ColumnNamePosition><ColumnTypePosition>2</ColumnTypePosition><ColumnModulePosition>3</ColumnModulePosition><ColumnDescriptionPosition>4</ColumnDescriptionPosition><ColumnDatePosition>5</ColumnDatePosition><ColumnUserPosition>6</ColumnUserPosition><ColumnImportDatePosition>7</ColumnImportDatePosition><ColumnSpecifiedDatePosition>11</ColumnSpecifiedDatePosition><FormWidth>782</FormWidth><FormHeigth>603</FormHeigth></WorkWithObjectsConfig>